
Microsoft Visual Studio Solution File, Format Version 12.00
# Visual Studio Version 17
VisualStudioVersion = 17.8.34330.188
MinimumVisualStudioVersion = 10.0.40219.1
Project("{FAE04EC0-301F-11D3-BF4B-00C04F79EFBC}") = "ConditionalStatements", "ConditionalStatements.csproj", "{104E3952-EDD4-43F3-B10D-3B9EBF0FB122}"
EndProject
Global
	GlobalSection(SolutionConfigurationPlatforms) = preSolution
		Debug|Any CPU = Debug|Any CPU
		Release|Any CPU = Release|Any CPU
	EndGlobalSection
	GlobalSection(ProjectConfigurationPlatforms) = postSolution
		{104E3952-EDD4-43F3-B10D-3B9EBF0FB122}.Debug|Any CPU.ActiveCfg = Debug|Any CPU
		{104E3952-EDD4-43F3-B10D-3B9EBF0FB122}.Debug|Any CPU.Build.0 = Debug|Any CPU
		{104E3952-EDD4-43F3-B10D-3B9EBF0FB122}.Release|Any CPU.ActiveCfg = Release|Any CPU
		{104E3952-EDD4-43F3-B10D-3B9EBF0FB122}.Release|Any CPU.Build.0 = Release|Any CPU
	EndGlobalSection
	GlobalSection(SolutionProperties) = preSolution
		HideSolutionNode = FALSE
	EndGlobalSection
	GlobalSection(ExtensibilityGlobals) = postSolution
		SolutionGuid = {85154747-7563-4978-9C16-66626BA23BCE}
	EndGlobalSection
EndGlobal
